// !$*UTF8*$!
{
	archiveVersion = 1;
	classes = {
	};
	objectVersion = 56;
	objects = {

/* Begin PBXBuildFile section */
		370EF78429703D1A000DDAF5 /* ViewModelBuilderProtocol.swift in Sources */ = {isa = PBXBuildFile; fileRef = 370EF78229703D1A000DDAF5 /* ViewModelBuilderProtocol.swift */; };
		370EF78529703D1A000DDAF5 /* ViewSettingProtocol.swift in Sources */ = {isa = PBXBuildFile; fileRef = 370EF78329703D1A000DDAF5 /* ViewSettingProtocol.swift */; };
		370EF81A29703F88000DDAF5 /* EmoticonCollectionViewCell.swift in Sources */ = {isa = PBXBuildFile; fileRef = 370EF81129703F88000DDAF5 /* EmoticonCollectionViewCell.swift */; };
		370EF81B29703F88000DDAF5 /* EmoticonsViewModel.swift in Sources */ = {isa = PBXBuildFile; fileRef = 370EF81229703F88000DDAF5 /* EmoticonsViewModel.swift */; };
		370EF81C29703F88000DDAF5 /* EmoticonsView.swift in Sources */ = {isa = PBXBuildFile; fileRef = 370EF81329703F88000DDAF5 /* EmoticonsView.swift */; };
		370EF81D29703F88000DDAF5 /* EmoticonsViewController.swift in Sources */ = {isa = PBXBuildFile; fileRef = 370EF81429703F88000DDAF5 /* EmoticonsViewController.swift */; };
		370EF81E29703F88000DDAF5 /* CommentsViewModel.swift in Sources */ = {isa = PBXBuildFile; fileRef = 370EF81629703F88000DDAF5 /* CommentsViewModel.swift */; };
		370EF81F29703F88000DDAF5 /* CommentsViewController.swift in Sources */ = {isa = PBXBuildFile; fileRef = 370EF81729703F88000DDAF5 /* CommentsViewController.swift */; };
		370EF82029703F88000DDAF5 /* CommentTableViewCell.swift in Sources */ = {isa = PBXBuildFile; fileRef = 370EF81829703F88000DDAF5 /* CommentTableViewCell.swift */; };
		370EF82129703F88000DDAF5 /* CommentsView.swift in Sources */ = {isa = PBXBuildFile; fileRef = 370EF81929703F88000DDAF5 /* CommentsView.swift */; };
		370EF82429712235000DDAF5 /* MenuViewController.swift in Sources */ = {isa = PBXBuildFile; fileRef = 370EF82329712235000DDAF5 /* MenuViewController.swift */; };
		370EF82629712248000DDAF5 /* MenuViewModel.swift in Sources */ = {isa = PBXBuildFile; fileRef = 370EF82529712248000DDAF5 /* MenuViewModel.swift */; };
		370EF82829712A81000DDAF5 /* MenuView.swift in Sources */ = {isa = PBXBuildFile; fileRef = 370EF82729712A81000DDAF5 /* MenuView.swift */; };
		370EF82A297140F4000DDAF5 /* CommentInputView.swift in Sources */ = {isa = PBXBuildFile; fileRef = 370EF829297140F4000DDAF5 /* CommentInputView.swift */; };
		373A84A8297909BF0050A03D /* DatePickerView.swift in Sources */ = {isa = PBXBuildFile; fileRef = 373A84A7297909BF0050A03D /* DatePickerView.swift */; };
		373D1C9029669165002A3B3D /* NetworkServiceTests.swift in Sources */ = {isa = PBXBuildFile; fileRef = 373D1C8F29669165002A3B3D /* NetworkServiceTests.swift */; };
		373D1C9329669228002A3B3D /* MockNetworkManager.swift in Sources */ = {isa = PBXBuildFile; fileRef = 373D1C9229669228002A3B3D /* MockNetworkManager.swift */; };
		373D1C9529669277002A3B3D /* MockNetworkData.swift in Sources */ = {isa = PBXBuildFile; fileRef = 373D1C9429669277002A3B3D /* MockNetworkData.swift */; };
		373D1C9D2966B8ED002A3B3D /* BackGroundImage.json in Resources */ = {isa = PBXBuildFile; fileRef = 373D1C9C2966B8ED002A3B3D /* BackGroundImage.json */; };
		373D1C9E2966B963002A3B3D /* BackGroundImage.json in Resources */ = {isa = PBXBuildFile; fileRef = 373D1C9C2966B8ED002A3B3D /* BackGroundImage.json */; };
		373D1CA12966E860002A3B3D /* ImageCacheManager.swift in Sources */ = {isa = PBXBuildFile; fileRef = 373D1CA02966E860002A3B3D /* ImageCacheManager.swift */; };
		374670C3295D6BB0004AC4B0 /* DefaultDiaryUseCase.swift in Sources */ = {isa = PBXBuildFile; fileRef = 374670C2295D6BB0004AC4B0 /* DefaultDiaryUseCase.swift */; };
		374670C7295D6DA5004AC4B0 /* RepositoryManager.swift in Sources */ = {isa = PBXBuildFile; fileRef = 374670C6295D6DA5004AC4B0 /* RepositoryManager.swift */; };
		374E9C572975171C007AC2DD /* CommentsViewModelTests.swift in Sources */ = {isa = PBXBuildFile; fileRef = 374E9C562975171C007AC2DD /* CommentsViewModelTests.swift */; };
		374E9C59297527DF007AC2DD /* MenuViewModelTests.swift in Sources */ = {isa = PBXBuildFile; fileRef = 374E9C58297527DF007AC2DD /* MenuViewModelTests.swift */; };
		379B0A4A2967EE5E009863F6 /* ImageCache.swift in Sources */ = {isa = PBXBuildFile; fileRef = 379B0A492967EE5E009863F6 /* ImageCache.swift */; };
		37A276EC29756EAE00AF2CA0 /* CalendarViewModel.swift in Sources */ = {isa = PBXBuildFile; fileRef = 37A276E329756EAE00AF2CA0 /* CalendarViewModel.swift */; };
		37A276EE29756EAE00AF2CA0 /* CalendarViewController.swift in Sources */ = {isa = PBXBuildFile; fileRef = 37A276E529756EAE00AF2CA0 /* CalendarViewController.swift */; };
		37A276EF29756EAE00AF2CA0 /* CalendarViewCell.swift in Sources */ = {isa = PBXBuildFile; fileRef = 37A276E729756EAE00AF2CA0 /* CalendarViewCell.swift */; };
		37A276F029756EAE00AF2CA0 /* CalendarHeaderView.swift in Sources */ = {isa = PBXBuildFile; fileRef = 37A276E829756EAE00AF2CA0 /* CalendarHeaderView.swift */; };
		37A276F129756EAE00AF2CA0 /* CalendarListView.swift in Sources */ = {isa = PBXBuildFile; fileRef = 37A276E929756EAE00AF2CA0 /* CalendarListView.swift */; };
		37A276F229756EAE00AF2CA0 /* CalenderView.swift in Sources */ = {isa = PBXBuildFile; fileRef = 37A276EA29756EAE00AF2CA0 /* CalenderView.swift */; };
		37A276F329756EAE00AF2CA0 /* CalendarListViewCell.swift in Sources */ = {isa = PBXBuildFile; fileRef = 37A276EB29756EAE00AF2CA0 /* CalendarListViewCell.swift */; };
		37A276FB29756EB800AF2CA0 /* FavoriteViewModel.swift in Sources */ = {isa = PBXBuildFile; fileRef = 37A276F629756EB700AF2CA0 /* FavoriteViewModel.swift */; };
		37A276FC29756EB800AF2CA0 /* FavoriteViewController.swift in Sources */ = {isa = PBXBuildFile; fileRef = 37A276F729756EB700AF2CA0 /* FavoriteViewController.swift */; };
		37A276FD29756EB800AF2CA0 /* FavoriteView.swift in Sources */ = {isa = PBXBuildFile; fileRef = 37A276F929756EB700AF2CA0 /* FavoriteView.swift */; };
		37A276FE29756EB800AF2CA0 /* FavoriteViewCell.swift in Sources */ = {isa = PBXBuildFile; fileRef = 37A276FA29756EB700AF2CA0 /* FavoriteViewCell.swift */; };
		37A2770229756ECF00AF2CA0 /* CalendarViewModelTests.swift in Sources */ = {isa = PBXBuildFile; fileRef = 37A2770129756ECF00AF2CA0 /* CalendarViewModelTests.swift */; };
		37A2770C29757F2D00AF2CA0 /* NanumSeHwaCe.ttf in Resources */ = {isa = PBXBuildFile; fileRef = 37A2770B29757CDF00AF2CA0 /* NanumSeHwaCe.ttf */; };
		37A277112976ADF300AF2CA0 /* NotificationViewController.swift in Sources */ = {isa = PBXBuildFile; fileRef = 37A277102976ADF300AF2CA0 /* NotificationViewController.swift */; };
		37A277142976B11000AF2CA0 /* NotificationView.swift in Sources */ = {isa = PBXBuildFile; fileRef = 37A277132976B11000AF2CA0 /* NotificationView.swift */; };
		37A277182976D0DA00AF2CA0 /* DatePickerViewContoller.swift in Sources */ = {isa = PBXBuildFile; fileRef = 37A277172976D0DA00AF2CA0 /* DatePickerViewContoller.swift */; };
		37A2771E29781BC800AF2CA0 /* MockDiaryRepository.swift in Sources */ = {isa = PBXBuildFile; fileRef = 37A2771D29781BC800AF2CA0 /* MockDiaryRepository.swift */; };
		37A2772029781BFA00AF2CA0 /* MockCommentRepository.swift in Sources */ = {isa = PBXBuildFile; fileRef = 37A2771F29781BFA00AF2CA0 /* MockCommentRepository.swift */; };
		37A277222978205300AF2CA0 /* DefaultCommentUseCaseTests.swift in Sources */ = {isa = PBXBuildFile; fileRef = 37A277212978205300AF2CA0 /* DefaultCommentUseCaseTests.swift */; };
		37B67C482965541700F81118 /* Comment.swift in Sources */ = {isa = PBXBuildFile; fileRef = 37B67C472965541700F81118 /* Comment.swift */; };
		37B67C4A2965544F00F81118 /* DefaultCommentUseCase.swift in Sources */ = {isa = PBXBuildFile; fileRef = 37B67C492965544F00F81118 /* DefaultCommentUseCase.swift */; };
		37B67C4F2965682F00F81118 /* CoreDataCommentRepository.swift in Sources */ = {isa = PBXBuildFile; fileRef = 37B67C4E2965682F00F81118 /* CoreDataCommentRepository.swift */; };
		37B67C512965685100F81118 /* CoreDataDiaryRepository.swift in Sources */ = {isa = PBXBuildFile; fileRef = 37B67C502965685100F81118 /* CoreDataDiaryRepository.swift */; };
		37B67C542965906100F81118 /* DefaultDiaryRepositoryManager.swift in Sources */ = {isa = PBXBuildFile; fileRef = 37B67C532965906100F81118 /* DefaultDiaryRepositoryManager.swift */; };
		37B67C57296590AC00F81118 /* DefaultCommentRepositoryManager.swift in Sources */ = {isa = PBXBuildFile; fileRef = 37B67C56296590AC00F81118 /* DefaultCommentRepositoryManager.swift */; };
		37B67C59296591D000F81118 /* RepositoryError.swift in Sources */ = {isa = PBXBuildFile; fileRef = 37B67C58296591D000F81118 /* RepositoryError.swift */; };
		37D919AB297FABF700E9F31A /* AlertProtocol.swift in Sources */ = {isa = PBXBuildFile; fileRef = 37D919AA297FABF700E9F31A /* AlertProtocol.swift */; };
		4D1B808D2961A94B00A64940 /* Repository.swift in Sources */ = {isa = PBXBuildFile; fileRef = 4D1B808C2961A94B00A64940 /* Repository.swift */; };
		4D3033B229655D4C00234166 /* DiaryEntity+CoreDataClass.swift in Sources */ = {isa = PBXBuildFile; fileRef = 4D3033AE29655D4C00234166 /* DiaryEntity+CoreDataClass.swift */; };
		4D3033B329655D4C00234166 /* DiaryEntity+CoreDataProperties.swift in Sources */ = {isa = PBXBuildFile; fileRef = 4D3033AF29655D4C00234166 /* DiaryEntity+CoreDataProperties.swift */; };
		4D3033B429655D4C00234166 /* CommentEntity+CoreDataClass.swift in Sources */ = {isa = PBXBuildFile; fileRef = 4D3033B029655D4C00234166 /* CommentEntity+CoreDataClass.swift */; };
		4D3033B529655D4C00234166 /* CommentEntity+CoreDataProperties.swift in Sources */ = {isa = PBXBuildFile; fileRef = 4D3033B129655D4C00234166 /* CommentEntity+CoreDataProperties.swift */; };
		4D3033B829655EBE00234166 /* CoreDataManager.swift in Sources */ = {isa = PBXBuildFile; fileRef = 4D3033B729655EBE00234166 /* CoreDataManager.swift */; };
		4D3033BD2965957700234166 /* APIRequestProtocol.swift in Sources */ = {isa = PBXBuildFile; fileRef = 4D3033BC2965957700234166 /* APIRequestProtocol.swift */; };
		4D3033BF296596A000234166 /* APIConfiguration.swift in Sources */ = {isa = PBXBuildFile; fileRef = 4D3033BE296596A000234166 /* APIConfiguration.swift */; };
		4D3033C229659A1000234166 /* APIError.swift in Sources */ = {isa = PBXBuildFile; fileRef = 4D3033C129659A1000234166 /* APIError.swift */; };
		4D3033C429659AB800234166 /* NetworkManager.swift in Sources */ = {isa = PBXBuildFile; fileRef = 4D3033C329659AB800234166 /* NetworkManager.swift */; };
		4D3033C629659ADB00234166 /* NetworkManagerProtocol.swift in Sources */ = {isa = PBXBuildFile; fileRef = 4D3033C529659ADB00234166 /* NetworkManagerProtocol.swift */; };
		4D3033CA29668E3300234166 /* BackgroundImageDTO.swift in Sources */ = {isa = PBXBuildFile; fileRef = 4D3033C929668E3300234166 /* BackgroundImageDTO.swift */; };
		4D3033CC29668E8600234166 /* BackgroundImageRequest.swift in Sources */ = {isa = PBXBuildFile; fileRef = 4D3033CB29668E8600234166 /* BackgroundImageRequest.swift */; };
		4D4500D6297566B4005A11B0 /* GamjaFlower-Regular.ttf in Resources */ = {isa = PBXBuildFile; fileRef = 4D4500D5297566B4005A11B0 /* GamjaFlower-Regular.ttf */; };
		4D4500D9297566DA005A11B0 /* Lato-Bold.ttf in Resources */ = {isa = PBXBuildFile; fileRef = 4D4500D7297566DA005A11B0 /* Lato-Bold.ttf */; };
		4D4500DA297566DA005A11B0 /* Lato-Regular.ttf in Resources */ = {isa = PBXBuildFile; fileRef = 4D4500D8297566DA005A11B0 /* Lato-Regular.ttf */; };
		4D9B03312978CBA3001E6191 /* KeychainManager.swift in Sources */ = {isa = PBXBuildFile; fileRef = 4D9B03302978CBA3001E6191 /* KeychainManager.swift */; };
		4DCAD91E29702C0F00B35717 /* NetworkRepository.swift in Sources */ = {isa = PBXBuildFile; fileRef = 4DCAD91D29702C0F00B35717 /* NetworkRepository.swift */; };
		4DCAD92029702F1F00B35717 /* BackgroundImage.swift in Sources */ = {isa = PBXBuildFile; fileRef = 4DCAD91F29702F1F00B35717 /* BackgroundImage.swift */; };
		4DD214C82970328600C91CFB /* DefualtNetworkUseCase.swift in Sources */ = {isa = PBXBuildFile; fileRef = 4DD214C72970328600C91CFB /* DefualtNetworkUseCase.swift */; };
		4DD214CA2970340A00C91CFB /* DefaultNetworkUseCaseTests.swift in Sources */ = {isa = PBXBuildFile; fileRef = 4DD214C92970340A00C91CFB /* DefaultNetworkUseCaseTests.swift */; };
		4DD8BD87297681DE00D89546 /* String + Extension.swift in Sources */ = {isa = PBXBuildFile; fileRef = 4DD8BD86297681DE00D89546 /* String + Extension.swift */; };
		4DD8BD89297681EB00D89546 /* Date + Extension.swift in Sources */ = {isa = PBXBuildFile; fileRef = 4DD8BD88297681EB00D89546 /* Date + Extension.swift */; };
		4DD8BD8E2976844700D89546 /* SettingViewCell.swift in Sources */ = {isa = PBXBuildFile; fileRef = 4DD8BD8D2976844700D89546 /* SettingViewCell.swift */; };
		4DD8BD90297688ED00D89546 /* SettingViewController.swift in Sources */ = {isa = PBXBuildFile; fileRef = 4DD8BD8F297688ED00D89546 /* SettingViewController.swift */; };
		4DD8BD9229768AEC00D89546 /* SettingView.swift in Sources */ = {isa = PBXBuildFile; fileRef = 4DD8BD9129768AEC00D89546 /* SettingView.swift */; };
		4DD8BD972976AF0700D89546 /* PasswordSettingViewController.swift in Sources */ = {isa = PBXBuildFile; fileRef = 4DD8BD962976AF0700D89546 /* PasswordSettingViewController.swift */; };
		4DD8BD9B2976B28A00D89546 /* PasswordSettingView.swift in Sources */ = {isa = PBXBuildFile; fileRef = 4DD8BD9A2976B28A00D89546 /* PasswordSettingView.swift */; };
		4DD8BD9D2976C43A00D89546 /* CreatePasswordViewController.swift in Sources */ = {isa = PBXBuildFile; fileRef = 4DD8BD9C2976C43A00D89546 /* CreatePasswordViewController.swift */; };
		4DD8BD9F29777E5500D89546 /* CreatePasswordView.swift in Sources */ = {isa = PBXBuildFile; fileRef = 4DD8BD9E29777E5500D89546 /* CreatePasswordView.swift */; };
		4DE8B4392978335E00870790 /* PasswordHeaderView.swift in Sources */ = {isa = PBXBuildFile; fileRef = 4DE8B4382978335E00870790 /* PasswordHeaderView.swift */; };
		4DE8B43B297833EF00870790 /* PasswordViewCell.swift in Sources */ = {isa = PBXBuildFile; fileRef = 4DE8B43A297833EF00870790 /* PasswordViewCell.swift */; };
		4DE8B43D29783D5B00870790 /* EditPasswordViewController.swift in Sources */ = {isa = PBXBuildFile; fileRef = 4DE8B43C29783D5B00870790 /* EditPasswordViewController.swift */; };
		4DE8B43F297842E200870790 /* PasswordViewController.swift in Sources */ = {isa = PBXBuildFile; fileRef = 4DE8B43E297842E200870790 /* PasswordViewController.swift */; };
		4DE8B4412978430600870790 /* PasswordView.swift in Sources */ = {isa = PBXBuildFile; fileRef = 4DE8B4402978430600870790 /* PasswordView.swift */; };
		4DF29CA0297FA4F000E08BC3 /* FavoriteViewModelTests.swift in Sources */ = {isa = PBXBuildFile; fileRef = 4DF29C9F297FA4F000E08BC3 /* FavoriteViewModelTests.swift */; };
		4DF88391295D59A400B507E2 /* AppDelegate.swift in Sources */ = {isa = PBXBuildFile; fileRef = 4DF88390295D59A400B507E2 /* AppDelegate.swift */; };
		4DF88393295D59A400B507E2 /* SceneDelegate.swift in Sources */ = {isa = PBXBuildFile; fileRef = 4DF88392295D59A400B507E2 /* SceneDelegate.swift */; };
		4DF8839B295D59A400B507E2 /* iOS_Mongsil.xcdatamodeld in Sources */ = {isa = PBXBuildFile; fileRef = 4DF88399295D59A400B507E2 /* iOS_Mongsil.xcdatamodeld */; };
		4DF8839D295D59A500B507E2 /* Assets.xcassets in Resources */ = {isa = PBXBuildFile; fileRef = 4DF8839C295D59A500B507E2 /* Assets.xcassets */; };
		4DF883A0295D59A500B507E2 /* LaunchScreen.storyboard in Resources */ = {isa = PBXBuildFile; fileRef = 4DF8839E295D59A500B507E2 /* LaunchScreen.storyboard */; };
		4DF883AF295D6A7F00B507E2 /* Diary.swift in Sources */ = {isa = PBXBuildFile; fileRef = 4DF883AE295D6A7F00B507E2 /* Diary.swift */; };
		4DF883B7295D9EBB00B507E2 /* DefaultDiaryUseCaseTests.swift in Sources */ = {isa = PBXBuildFile; fileRef = 4DF883B6295D9EBB00B507E2 /* DefaultDiaryUseCaseTests.swift */; };
/* End PBXBuildFile section */

/* Begin PBXContainerItemProxy section */
		4DF883B8295D9EBB00B507E2 /* PBXContainerItemProxy */ = {
			isa = PBXContainerItemProxy;
			containerPortal = 4DF88385295D59A400B507E2 /* Project object */;
			proxyType = 1;
			remoteGlobalIDString = 4DF8838C295D59A400B507E2;
			remoteInfo = "iOS-Mongsil";
		};
/* End PBXContainerItemProxy section */

/* Begin PBXFileReference section */
		370EF78229703D1A000DDAF5 /* ViewModelBuilderProtocol.swift */ = {isa = PBXFileReference; fileEncoding = 4; lastKnownFileType = sourcecode.swift; path = ViewModelBuilderProtocol.swift; sourceTree = "<group>"; };
		370EF78329703D1A000DDAF5 /* ViewSettingProtocol.swift */ = {isa = PBXFileReference; fileEncoding = 4; lastKnownFileType = sourcecode.swift; path = ViewSettingProtocol.swift; sourceTree = "<group>"; };
		370EF81129703F88000DDAF5 /* EmoticonCollectionViewCell.swift */ = {isa = PBXFileReference; fileEncoding = 4; lastKnownFileType = sourcecode.swift; path = EmoticonCollectionViewCell.swift; sourceTree = "<group>"; };
		370EF81229703F88000DDAF5 /* EmoticonsViewModel.swift */ = {isa = PBXFileReference; fileEncoding = 4; lastKnownFileType = sourcecode.swift; path = EmoticonsViewModel.swift; sourceTree = "<group>"; };
		370EF81329703F88000DDAF5 /* EmoticonsView.swift */ = {isa = PBXFileReference; fileEncoding = 4; lastKnownFileType = sourcecode.swift; path = EmoticonsView.swift; sourceTree = "<group>"; };
		370EF81429703F88000DDAF5 /* EmoticonsViewController.swift */ = {isa = PBXFileReference; fileEncoding = 4; lastKnownFileType = sourcecode.swift; path = EmoticonsViewController.swift; sourceTree = "<group>"; };
		370EF81629703F88000DDAF5 /* CommentsViewModel.swift */ = {isa = PBXFileReference; fileEncoding = 4; lastKnownFileType = sourcecode.swift; path = CommentsViewModel.swift; sourceTree = "<group>"; };
		370EF81729703F88000DDAF5 /* CommentsViewController.swift */ = {isa = PBXFileReference; fileEncoding = 4; lastKnownFileType = sourcecode.swift; path = CommentsViewController.swift; sourceTree = "<group>"; };
		370EF81829703F88000DDAF5 /* CommentTableViewCell.swift */ = {isa = PBXFileReference; fileEncoding = 4; lastKnownFileType = sourcecode.swift; path = CommentTableViewCell.swift; sourceTree = "<group>"; };
		370EF81929703F88000DDAF5 /* CommentsView.swift */ = {isa = PBXFileReference; fileEncoding = 4; lastKnownFileType = sourcecode.swift; path = CommentsView.swift; sourceTree = "<group>"; };
		370EF82329712235000DDAF5 /* MenuViewController.swift */ = {isa = PBXFileReference; lastKnownFileType = sourcecode.swift; path = MenuViewController.swift; sourceTree = "<group>"; };
		370EF82529712248000DDAF5 /* MenuViewModel.swift */ = {isa = PBXFileReference; lastKnownFileType = sourcecode.swift; path = MenuViewModel.swift; sourceTree = "<group>"; };
		370EF82729712A81000DDAF5 /* MenuView.swift */ = {isa = PBXFileReference; lastKnownFileType = sourcecode.swift; path = MenuView.swift; sourceTree = "<group>"; };
		370EF829297140F4000DDAF5 /* CommentInputView.swift */ = {isa = PBXFileReference; lastKnownFileType = sourcecode.swift; path = CommentInputView.swift; sourceTree = "<group>"; };
		373A84A7297909BF0050A03D /* DatePickerView.swift */ = {isa = PBXFileReference; fileEncoding = 4; lastKnownFileType = sourcecode.swift; path = DatePickerView.swift; sourceTree = "<group>"; };
		373D1C8F29669165002A3B3D /* NetworkServiceTests.swift */ = {isa = PBXFileReference; fileEncoding = 4; lastKnownFileType = sourcecode.swift; path = NetworkServiceTests.swift; sourceTree = "<group>"; };
		373D1C9229669228002A3B3D /* MockNetworkManager.swift */ = {isa = PBXFileReference; lastKnownFileType = sourcecode.swift; path = MockNetworkManager.swift; sourceTree = "<group>"; };
		373D1C9429669277002A3B3D /* MockNetworkData.swift */ = {isa = PBXFileReference; lastKnownFileType = sourcecode.swift; path = MockNetworkData.swift; sourceTree = "<group>"; };
		373D1C9C2966B8ED002A3B3D /* BackGroundImage.json */ = {isa = PBXFileReference; lastKnownFileType = text.json; path = BackGroundImage.json; sourceTree = "<group>"; };
		373D1CA02966E860002A3B3D /* ImageCacheManager.swift */ = {isa = PBXFileReference; lastKnownFileType = sourcecode.swift; path = ImageCacheManager.swift; sourceTree = "<group>"; };
		374670C2295D6BB0004AC4B0 /* DefaultDiaryUseCase.swift */ = {isa = PBXFileReference; lastKnownFileType = sourcecode.swift; path = DefaultDiaryUseCase.swift; sourceTree = "<group>"; };
		374670C6295D6DA5004AC4B0 /* RepositoryManager.swift */ = {isa = PBXFileReference; lastKnownFileType = sourcecode.swift; path = RepositoryManager.swift; sourceTree = "<group>"; };
		374E9C562975171C007AC2DD /* CommentsViewModelTests.swift */ = {isa = PBXFileReference; lastKnownFileType = sourcecode.swift; path = CommentsViewModelTests.swift; sourceTree = "<group>"; };
		374E9C58297527DF007AC2DD /* MenuViewModelTests.swift */ = {isa = PBXFileReference; lastKnownFileType = sourcecode.swift; path = MenuViewModelTests.swift; sourceTree = "<group>"; };
		379B0A492967EE5E009863F6 /* ImageCache.swift */ = {isa = PBXFileReference; lastKnownFileType = sourcecode.swift; path = ImageCache.swift; sourceTree = "<group>"; };
		37A276E329756EAE00AF2CA0 /* CalendarViewModel.swift */ = {isa = PBXFileReference; fileEncoding = 4; lastKnownFileType = sourcecode.swift; path = CalendarViewModel.swift; sourceTree = "<group>"; };
		37A276E529756EAE00AF2CA0 /* CalendarViewController.swift */ = {isa = PBXFileReference; fileEncoding = 4; lastKnownFileType = sourcecode.swift; path = CalendarViewController.swift; sourceTree = "<group>"; };
		37A276E729756EAE00AF2CA0 /* CalendarViewCell.swift */ = {isa = PBXFileReference; fileEncoding = 4; lastKnownFileType = sourcecode.swift; path = CalendarViewCell.swift; sourceTree = "<group>"; };
		37A276E829756EAE00AF2CA0 /* CalendarHeaderView.swift */ = {isa = PBXFileReference; fileEncoding = 4; lastKnownFileType = sourcecode.swift; path = CalendarHeaderView.swift; sourceTree = "<group>"; };
		37A276E929756EAE00AF2CA0 /* CalendarListView.swift */ = {isa = PBXFileReference; fileEncoding = 4; lastKnownFileType = sourcecode.swift; path = CalendarListView.swift; sourceTree = "<group>"; };
		37A276EA29756EAE00AF2CA0 /* CalenderView.swift */ = {isa = PBXFileReference; fileEncoding = 4; lastKnownFileType = sourcecode.swift; path = CalenderView.swift; sourceTree = "<group>"; };
		37A276EB29756EAE00AF2CA0 /* CalendarListViewCell.swift */ = {isa = PBXFileReference; fileEncoding = 4; lastKnownFileType = sourcecode.swift; path = CalendarListViewCell.swift; sourceTree = "<group>"; };
		37A276F629756EB700AF2CA0 /* FavoriteViewModel.swift */ = {isa = PBXFileReference; fileEncoding = 4; lastKnownFileType = sourcecode.swift; path = FavoriteViewModel.swift; sourceTree = "<group>"; };
		37A276F729756EB700AF2CA0 /* FavoriteViewController.swift */ = {isa = PBXFileReference; fileEncoding = 4; lastKnownFileType = sourcecode.swift; path = FavoriteViewController.swift; sourceTree = "<group>"; };
		37A276F929756EB700AF2CA0 /* FavoriteView.swift */ = {isa = PBXFileReference; fileEncoding = 4; lastKnownFileType = sourcecode.swift; path = FavoriteView.swift; sourceTree = "<group>"; };
		37A276FA29756EB700AF2CA0 /* FavoriteViewCell.swift */ = {isa = PBXFileReference; fileEncoding = 4; lastKnownFileType = sourcecode.swift; path = FavoriteViewCell.swift; sourceTree = "<group>"; };
		37A2770129756ECF00AF2CA0 /* CalendarViewModelTests.swift */ = {isa = PBXFileReference; fileEncoding = 4; lastKnownFileType = sourcecode.swift; path = CalendarViewModelTests.swift; sourceTree = "<group>"; };
		37A2770B29757CDF00AF2CA0 /* NanumSeHwaCe.ttf */ = {isa = PBXFileReference; lastKnownFileType = file; path = NanumSeHwaCe.ttf; sourceTree = "<group>"; };
		37A277102976ADF300AF2CA0 /* NotificationViewController.swift */ = {isa = PBXFileReference; lastKnownFileType = sourcecode.swift; path = NotificationViewController.swift; sourceTree = "<group>"; };
		37A277132976B11000AF2CA0 /* NotificationView.swift */ = {isa = PBXFileReference; lastKnownFileType = sourcecode.swift; path = NotificationView.swift; sourceTree = "<group>"; };
		37A277172976D0DA00AF2CA0 /* DatePickerViewContoller.swift */ = {isa = PBXFileReference; lastKnownFileType = sourcecode.swift; path = DatePickerViewContoller.swift; sourceTree = "<group>"; };
		37A2771D29781BC800AF2CA0 /* MockDiaryRepository.swift */ = {isa = PBXFileReference; lastKnownFileType = sourcecode.swift; path = MockDiaryRepository.swift; sourceTree = "<group>"; };
		37A2771F29781BFA00AF2CA0 /* MockCommentRepository.swift */ = {isa = PBXFileReference; lastKnownFileType = sourcecode.swift; path = MockCommentRepository.swift; sourceTree = "<group>"; };
		37A277212978205300AF2CA0 /* DefaultCommentUseCaseTests.swift */ = {isa = PBXFileReference; lastKnownFileType = sourcecode.swift; path = DefaultCommentUseCaseTests.swift; sourceTree = "<group>"; };
		37B67C472965541700F81118 /* Comment.swift */ = {isa = PBXFileReference; lastKnownFileType = sourcecode.swift; path = Comment.swift; sourceTree = "<group>"; };
		37B67C492965544F00F81118 /* DefaultCommentUseCase.swift */ = {isa = PBXFileReference; lastKnownFileType = sourcecode.swift; path = DefaultCommentUseCase.swift; sourceTree = "<group>"; };
		37B67C4E2965682F00F81118 /* CoreDataCommentRepository.swift */ = {isa = PBXFileReference; lastKnownFileType = sourcecode.swift; path = CoreDataCommentRepository.swift; sourceTree = "<group>"; };
		37B67C502965685100F81118 /* CoreDataDiaryRepository.swift */ = {isa = PBXFileReference; lastKnownFileType = sourcecode.swift; path = CoreDataDiaryRepository.swift; sourceTree = "<group>"; };
		37B67C532965906100F81118 /* DefaultDiaryRepositoryManager.swift */ = {isa = PBXFileReference; lastKnownFileType = sourcecode.swift; path = DefaultDiaryRepositoryManager.swift; sourceTree = "<group>"; };
		37B67C56296590AC00F81118 /* DefaultCommentRepositoryManager.swift */ = {isa = PBXFileReference; lastKnownFileType = sourcecode.swift; path = DefaultCommentRepositoryManager.swift; sourceTree = "<group>"; };
		37B67C58296591D000F81118 /* RepositoryError.swift */ = {isa = PBXFileReference; lastKnownFileType = sourcecode.swift; path = RepositoryError.swift; sourceTree = "<group>"; };
		37D919AA297FABF700E9F31A /* AlertProtocol.swift */ = {isa = PBXFileReference; lastKnownFileType = sourcecode.swift; path = AlertProtocol.swift; sourceTree = "<group>"; };
		4D1B808C2961A94B00A64940 /* Repository.swift */ = {isa = PBXFileReference; lastKnownFileType = sourcecode.swift; path = Repository.swift; sourceTree = "<group>"; };
		4D3033AE29655D4C00234166 /* DiaryEntity+CoreDataClass.swift */ = {isa = PBXFileReference; lastKnownFileType = sourcecode.swift; path = "DiaryEntity+CoreDataClass.swift"; sourceTree = "<group>"; };
		4D3033AF29655D4C00234166 /* DiaryEntity+CoreDataProperties.swift */ = {isa = PBXFileReference; lastKnownFileType = sourcecode.swift; path = "DiaryEntity+CoreDataProperties.swift"; sourceTree = "<group>"; };
		4D3033B029655D4C00234166 /* CommentEntity+CoreDataClass.swift */ = {isa = PBXFileReference; lastKnownFileType = sourcecode.swift; path = "CommentEntity+CoreDataClass.swift"; sourceTree = "<group>"; };
		4D3033B129655D4C00234166 /* CommentEntity+CoreDataProperties.swift */ = {isa = PBXFileReference; lastKnownFileType = sourcecode.swift; path = "CommentEntity+CoreDataProperties.swift"; sourceTree = "<group>"; };
		4D3033B729655EBE00234166 /* CoreDataManager.swift */ = {isa = PBXFileReference; lastKnownFileType = sourcecode.swift; path = CoreDataManager.swift; sourceTree = "<group>"; };
		4D3033BC2965957700234166 /* APIRequestProtocol.swift */ = {isa = PBXFileReference; lastKnownFileType = sourcecode.swift; path = APIRequestProtocol.swift; sourceTree = "<group>"; };
		4D3033BE296596A000234166 /* APIConfiguration.swift */ = {isa = PBXFileReference; lastKnownFileType = sourcecode.swift; path = APIConfiguration.swift; sourceTree = "<group>"; };
		4D3033C129659A1000234166 /* APIError.swift */ = {isa = PBXFileReference; lastKnownFileType = sourcecode.swift; path = APIError.swift; sourceTree = "<group>"; };
		4D3033C329659AB800234166 /* NetworkManager.swift */ = {isa = PBXFileReference; lastKnownFileType = sourcecode.swift; path = NetworkManager.swift; sourceTree = "<group>"; };
		4D3033C529659ADB00234166 /* NetworkManagerProtocol.swift */ = {isa = PBXFileReference; lastKnownFileType = sourcecode.swift; path = NetworkManagerProtocol.swift; sourceTree = "<group>"; };
		4D3033C929668E3300234166 /* BackgroundImageDTO.swift */ = {isa = PBXFileReference; lastKnownFileType = sourcecode.swift; path = BackgroundImageDTO.swift; sourceTree = "<group>"; };
		4D3033CB29668E8600234166 /* BackgroundImageRequest.swift */ = {isa = PBXFileReference; lastKnownFileType = sourcecode.swift; path = BackgroundImageRequest.swift; sourceTree = "<group>"; };
		4D4500D5297566B4005A11B0 /* GamjaFlower-Regular.ttf */ = {isa = PBXFileReference; lastKnownFileType = file; path = "GamjaFlower-Regular.ttf"; sourceTree = "<group>"; };
		4D4500D7297566DA005A11B0 /* Lato-Bold.ttf */ = {isa = PBXFileReference; lastKnownFileType = file; path = "Lato-Bold.ttf"; sourceTree = "<group>"; };
		4D4500D8297566DA005A11B0 /* Lato-Regular.ttf */ = {isa = PBXFileReference; lastKnownFileType = file; path = "Lato-Regular.ttf"; sourceTree = "<group>"; };
		4D9B03302978CBA3001E6191 /* KeychainManager.swift */ = {isa = PBXFileReference; lastKnownFileType = sourcecode.swift; path = KeychainManager.swift; sourceTree = "<group>"; };
		4DCAD91D29702C0F00B35717 /* NetworkRepository.swift */ = {isa = PBXFileReference; lastKnownFileType = sourcecode.swift; path = NetworkRepository.swift; sourceTree = "<group>"; };
		4DCAD91F29702F1F00B35717 /* BackgroundImage.swift */ = {isa = PBXFileReference; lastKnownFileType = sourcecode.swift; path = BackgroundImage.swift; sourceTree = "<group>"; };
		4DD214C72970328600C91CFB /* DefualtNetworkUseCase.swift */ = {isa = PBXFileReference; lastKnownFileType = sourcecode.swift; path = DefualtNetworkUseCase.swift; sourceTree = "<group>"; };
		4DD214C92970340A00C91CFB /* DefaultNetworkUseCaseTests.swift */ = {isa = PBXFileReference; lastKnownFileType = sourcecode.swift; path = DefaultNetworkUseCaseTests.swift; sourceTree = "<group>"; };
		4DD8BD86297681DE00D89546 /* String + Extension.swift */ = {isa = PBXFileReference; lastKnownFileType = sourcecode.swift; path = "String + Extension.swift"; sourceTree = "<group>"; };
		4DD8BD88297681EB00D89546 /* Date + Extension.swift */ = {isa = PBXFileReference; lastKnownFileType = sourcecode.swift; path = "Date + Extension.swift"; sourceTree = "<group>"; };
		4DD8BD8D2976844700D89546 /* SettingViewCell.swift */ = {isa = PBXFileReference; lastKnownFileType = sourcecode.swift; path = SettingViewCell.swift; sourceTree = "<group>"; };
		4DD8BD8F297688ED00D89546 /* SettingViewController.swift */ = {isa = PBXFileReference; lastKnownFileType = sourcecode.swift; path = SettingViewController.swift; sourceTree = "<group>"; };
		4DD8BD9129768AEC00D89546 /* SettingView.swift */ = {isa = PBXFileReference; lastKnownFileType = sourcecode.swift; path = SettingView.swift; sourceTree = "<group>"; };
		4DD8BD962976AF0700D89546 /* PasswordSettingViewController.swift */ = {isa = PBXFileReference; lastKnownFileType = sourcecode.swift; path = PasswordSettingViewController.swift; sourceTree = "<group>"; };
		4DD8BD9A2976B28A00D89546 /* PasswordSettingView.swift */ = {isa = PBXFileReference; lastKnownFileType = sourcecode.swift; path = PasswordSettingView.swift; sourceTree = "<group>"; };
		4DD8BD9C2976C43A00D89546 /* CreatePasswordViewController.swift */ = {isa = PBXFileReference; lastKnownFileType = sourcecode.swift; path = CreatePasswordViewController.swift; sourceTree = "<group>"; };
		4DD8BD9E29777E5500D89546 /* CreatePasswordView.swift */ = {isa = PBXFileReference; lastKnownFileType = sourcecode.swift; path = CreatePasswordView.swift; sourceTree = "<group>"; };
		4DE8B4382978335E00870790 /* PasswordHeaderView.swift */ = {isa = PBXFileReference; fileEncoding = 4; lastKnownFileType = sourcecode.swift; path = PasswordHeaderView.swift; sourceTree = "<group>"; };
		4DE8B43A297833EF00870790 /* PasswordViewCell.swift */ = {isa = PBXFileReference; fileEncoding = 4; lastKnownFileType = sourcecode.swift; path = PasswordViewCell.swift; sourceTree = "<group>"; };
		4DE8B43C29783D5B00870790 /* EditPasswordViewController.swift */ = {isa = PBXFileReference; lastKnownFileType = sourcecode.swift; path = EditPasswordViewController.swift; sourceTree = "<group>"; };
		4DE8B43E297842E200870790 /* PasswordViewController.swift */ = {isa = PBXFileReference; lastKnownFileType = sourcecode.swift; path = PasswordViewController.swift; sourceTree = "<group>"; };
		4DE8B4402978430600870790 /* PasswordView.swift */ = {isa = PBXFileReference; lastKnownFileType = sourcecode.swift; path = PasswordView.swift; sourceTree = "<group>"; };
		4DF29C9F297FA4F000E08BC3 /* FavoriteViewModelTests.swift */ = {isa = PBXFileReference; fileEncoding = 4; lastKnownFileType = sourcecode.swift; path = FavoriteViewModelTests.swift; sourceTree = "<group>"; };
		4DF8838D295D59A400B507E2 /* iOS-Mongsil.app */ = {isa = PBXFileReference; explicitFileType = wrapper.application; includeInIndex = 0; path = "iOS-Mongsil.app"; sourceTree = BUILT_PRODUCTS_DIR; };
		4DF88390295D59A400B507E2 /* AppDelegate.swift */ = {isa = PBXFileReference; lastKnownFileType = sourcecode.swift; path = AppDelegate.swift; sourceTree = "<group>"; };
		4DF88392295D59A400B507E2 /* SceneDelegate.swift */ = {isa = PBXFileReference; lastKnownFileType = sourcecode.swift; path = SceneDelegate.swift; sourceTree = "<group>"; };
		4DF8839A295D59A400B507E2 /* iOS_Mongsil.xcdatamodel */ = {isa = PBXFileReference; lastKnownFileType = wrapper.xcdatamodel; path = iOS_Mongsil.xcdatamodel; sourceTree = "<group>"; };
		4DF8839C295D59A500B507E2 /* Assets.xcassets */ = {isa = PBXFileReference; lastKnownFileType = folder.assetcatalog; path = Assets.xcassets; sourceTree = "<group>"; };
		4DF8839F295D59A500B507E2 /* Base */ = {isa = PBXFileReference; lastKnownFileType = file.storyboard; name = Base; path = Base.lproj/LaunchScreen.storyboard; sourceTree = "<group>"; };
		4DF883A1295D59A500B507E2 /* Info.plist */ = {isa = PBXFileReference; lastKnownFileType = text.plist.xml; path = Info.plist; sourceTree = "<group>"; };
		4DF883AE295D6A7F00B507E2 /* Diary.swift */ = {isa = PBXFileReference; lastKnownFileType = sourcecode.swift; path = Diary.swift; sourceTree = "<group>"; };
		4DF883B4295D9EBB00B507E2 /* iOS-MongsilTests.xctest */ = {isa = PBXFileReference; explicitFileType = wrapper.cfbundle; includeInIndex = 0; path = "iOS-MongsilTests.xctest"; sourceTree = BUILT_PRODUCTS_DIR; };
		4DF883B6295D9EBB00B507E2 /* DefaultDiaryUseCaseTests.swift */ = {isa = PBXFileReference; lastKnownFileType = sourcecode.swift; path = DefaultDiaryUseCaseTests.swift; sourceTree = "<group>"; };
/* End PBXFileReference section */

/* Begin PBXFrameworksBuildPhase section */
		4DF8838A295D59A400B507E2 /* Frameworks */ = {
			isa = PBXFrameworksBuildPhase;
			buildActionMask = 2147483647;
			files = (
			);
			runOnlyForDeploymentPostprocessing = 0;
		};
		4DF883B1295D9EBB00B507E2 /* Frameworks */ = {
			isa = PBXFrameworksBuildPhase;
			buildActionMask = 2147483647;
			files = (
			);
			runOnlyForDeploymentPostprocessing = 0;
		};
/* End PBXFrameworksBuildPhase section */

/* Begin PBXGroup section */
		370EF78129703D1A000DDAF5 /* BaseProtocol */ = {
			isa = PBXGroup;
			children = (
				370EF78229703D1A000DDAF5 /* ViewModelBuilderProtocol.swift */,
				370EF78329703D1A000DDAF5 /* ViewSettingProtocol.swift */,
				37D919AA297FABF700E9F31A /* AlertProtocol.swift */,
			);
			path = BaseProtocol;
			sourceTree = "<group>";
		};
		370EF81029703F88000DDAF5 /* EmoticonsScene */ = {
			isa = PBXGroup;
			children = (
				370EF81429703F88000DDAF5 /* EmoticonsViewController.swift */,
				37A2770829756FD600AF2CA0 /* View */,
				37A2770729756FAD00AF2CA0 /* ViewModel */,
			);
			path = EmoticonsScene;
			sourceTree = "<group>";
		};
		370EF81529703F88000DDAF5 /* RegisterScene */ = {
			isa = PBXGroup;
			children = (
				370EF81729703F88000DDAF5 /* CommentsViewController.swift */,
				37A2770A29756FFD00AF2CA0 /* View */,
				37A2770929756FF700AF2CA0 /* ViewModel */,
			);
			path = RegisterScene;
			sourceTree = "<group>";
		};
		370EF822297121DF000DDAF5 /* MenuScene */ = {
			isa = PBXGroup;
			children = (
				370EF82329712235000DDAF5 /* MenuViewController.swift */,
				37A2770629756F9E00AF2CA0 /* View */,
				37A2770529756F8C00AF2CA0 /* ViewModel */,
			);
			path = MenuScene;
			sourceTree = "<group>";
		};
		373D1C8D29669165002A3B3D /* Infrastructure */ = {
			isa = PBXGroup;
			children = (
				373D1C8E29669165002A3B3D /* Network */,
			);
			path = Infrastructure;
			sourceTree = "<group>";
		};
		373D1C8E29669165002A3B3D /* Network */ = {
			isa = PBXGroup;
			children = (
				373D1C8F29669165002A3B3D /* NetworkServiceTests.swift */,
			);
			path = Network;
			sourceTree = "<group>";
		};
		373D1C9F2966E841002A3B3D /* ImageCacheManager */ = {
			isa = PBXGroup;
			children = (
				373D1CA02966E860002A3B3D /* ImageCacheManager.swift */,
				379B0A492967EE5E009863F6 /* ImageCache.swift */,
			);
			path = ImageCacheManager;
			sourceTree = "<group>";
		};
		374670C1295D6B22004AC4B0 /* UseCases */ = {
			isa = PBXGroup;
			children = (
				374670C2295D6BB0004AC4B0 /* DefaultDiaryUseCase.swift */,
				37B67C492965544F00F81118 /* DefaultCommentUseCase.swift */,
				4DD214C72970328600C91CFB /* DefualtNetworkUseCase.swift */,
			);
			path = UseCases;
			sourceTree = "<group>";
		};
		374670C4295D6D6F004AC4B0 /* Interfaces */ = {
			isa = PBXGroup;
			children = (
				374670C5295D6D7D004AC4B0 /* Repository */,
			);
			path = Interfaces;
			sourceTree = "<group>";
		};
		374670C5295D6D7D004AC4B0 /* Repository */ = {
			isa = PBXGroup;
			children = (
				374670C6295D6DA5004AC4B0 /* RepositoryManager.swift */,
				4D1B808C2961A94B00A64940 /* Repository.swift */,
			);
			path = Repository;
			sourceTree = "<group>";
		};
		37A276E129756EAE00AF2CA0 /* CalendarScene */ = {
			isa = PBXGroup;
			children = (
				37A276E529756EAE00AF2CA0 /* CalendarViewController.swift */,
				37A276E629756EAE00AF2CA0 /* View */,
				37A276E229756EAE00AF2CA0 /* ViewModel */,
			);
			path = CalendarScene;
			sourceTree = "<group>";
		};
		37A276E229756EAE00AF2CA0 /* ViewModel */ = {
			isa = PBXGroup;
			children = (
				37A276E329756EAE00AF2CA0 /* CalendarViewModel.swift */,
			);
			path = ViewModel;
			sourceTree = "<group>";
		};
		37A276E629756EAE00AF2CA0 /* View */ = {
			isa = PBXGroup;
			children = (
				37A276E829756EAE00AF2CA0 /* CalendarHeaderView.swift */,
				37A276EA29756EAE00AF2CA0 /* CalenderView.swift */,
				37A276E729756EAE00AF2CA0 /* CalendarViewCell.swift */,
				37A276E929756EAE00AF2CA0 /* CalendarListView.swift */,
				37A276EB29756EAE00AF2CA0 /* CalendarListViewCell.swift */,
			);
			path = View;
			sourceTree = "<group>";
		};
		37A276F429756EB700AF2CA0 /* FavoriteScene */ = {
			isa = PBXGroup;
			children = (
				37A276F729756EB700AF2CA0 /* FavoriteViewController.swift */,
				37A276F829756EB700AF2CA0 /* View */,
				37A276F529756EB700AF2CA0 /* ViewModel */,
			);
			name = FavoriteScene;
			path = "iOS-Mongsil/Presentation/FavoriteScene";
			sourceTree = SOURCE_ROOT;
		};
		37A276F529756EB700AF2CA0 /* ViewModel */ = {
			isa = PBXGroup;
			children = (
				37A276F629756EB700AF2CA0 /* FavoriteViewModel.swift */,
			);
			path = ViewModel;
			sourceTree = "<group>";
		};
		37A276F829756EB700AF2CA0 /* View */ = {
			isa = PBXGroup;
			children = (
				37A276F929756EB700AF2CA0 /* FavoriteView.swift */,
				37A276FA29756EB700AF2CA0 /* FavoriteViewCell.swift */,
			);
			path = View;
			sourceTree = "<group>";
		};
		37A276FF29756ECF00AF2CA0 /* Presentation */ = {
			isa = PBXGroup;
			children = (
				37A2770029756ECF00AF2CA0 /* CalendarViewModel */,
				37A2770429756F5F00AF2CA0 /* CommentsViewModel */,
				37A2770329756F4600AF2CA0 /* MenuViewModel */,
				4D9B033329794DAF001E6191 /* FavoriteViewModel */,
			);
			path = Presentation;
			sourceTree = "<group>";
		};
		37A2770029756ECF00AF2CA0 /* CalendarViewModel */ = {
			isa = PBXGroup;
			children = (
				37A2770129756ECF00AF2CA0 /* CalendarViewModelTests.swift */,
			);
			path = CalendarViewModel;
			sourceTree = "<group>";
		};
		37A2770329756F4600AF2CA0 /* MenuViewModel */ = {
			isa = PBXGroup;
			children = (
				374E9C58297527DF007AC2DD /* MenuViewModelTests.swift */,
			);
			path = MenuViewModel;
			sourceTree = "<group>";
		};
		37A2770429756F5F00AF2CA0 /* CommentsViewModel */ = {
			isa = PBXGroup;
			children = (
				374E9C562975171C007AC2DD /* CommentsViewModelTests.swift */,
			);
			path = CommentsViewModel;
			sourceTree = "<group>";
		};
		37A2770529756F8C00AF2CA0 /* ViewModel */ = {
			isa = PBXGroup;
			children = (
				370EF82529712248000DDAF5 /* MenuViewModel.swift */,
			);
			path = ViewModel;
			sourceTree = "<group>";
		};
		37A2770629756F9E00AF2CA0 /* View */ = {
			isa = PBXGroup;
			children = (
				370EF82729712A81000DDAF5 /* MenuView.swift */,
			);
			path = View;
			sourceTree = "<group>";
		};
		37A2770729756FAD00AF2CA0 /* ViewModel */ = {
			isa = PBXGroup;
			children = (
				370EF81229703F88000DDAF5 /* EmoticonsViewModel.swift */,
			);
			path = ViewModel;
			sourceTree = "<group>";
		};
		37A2770829756FD600AF2CA0 /* View */ = {
			isa = PBXGroup;
			children = (
				370EF81329703F88000DDAF5 /* EmoticonsView.swift */,
				370EF81129703F88000DDAF5 /* EmoticonCollectionViewCell.swift */,
			);
			path = View;
			sourceTree = "<group>";
		};
		37A2770929756FF700AF2CA0 /* ViewModel */ = {
			isa = PBXGroup;
			children = (
				370EF81629703F88000DDAF5 /* CommentsViewModel.swift */,
			);
			path = ViewModel;
			sourceTree = "<group>";
		};
		37A2770A29756FFD00AF2CA0 /* View */ = {
			isa = PBXGroup;
			children = (
				370EF81929703F88000DDAF5 /* CommentsView.swift */,
				370EF829297140F4000DDAF5 /* CommentInputView.swift */,
				370EF81829703F88000DDAF5 /* CommentTableViewCell.swift */,
			);
			path = View;
			sourceTree = "<group>";
		};
		37A2770F2976ADD800AF2CA0 /* NotificationScene */ = {
			isa = PBXGroup;
			children = (
				37A277102976ADF300AF2CA0 /* NotificationViewController.swift */,
				37A277122976B04300AF2CA0 /* View */,
			);
			path = NotificationScene;
			sourceTree = "<group>";
		};
		37A277122976B04300AF2CA0 /* View */ = {
			isa = PBXGroup;
			children = (
				37A277132976B11000AF2CA0 /* NotificationView.swift */,
			);
			path = View;
			sourceTree = "<group>";
		};
		37A277192976DE3B00AF2CA0 /* DatePickerScene */ = {
			isa = PBXGroup;
			children = (
				37A277172976D0DA00AF2CA0 /* DatePickerViewContoller.swift */,
				37A2771A2976DE4900AF2CA0 /* View */,
			);
			path = DatePickerScene;
			sourceTree = "<group>";
		};
		37A2771A2976DE4900AF2CA0 /* View */ = {
			isa = PBXGroup;
			children = (
				373A84A7297909BF0050A03D /* DatePickerView.swift */,
			);
			path = View;
			sourceTree = "<group>";
		};
		37A2772329782D3300AF2CA0 /* TestDouble */ = {
			isa = PBXGroup;
			children = (
				373D1C9229669228002A3B3D /* MockNetworkManager.swift */,
				373D1C9429669277002A3B3D /* MockNetworkData.swift */,
				373D1C9C2966B8ED002A3B3D /* BackGroundImage.json */,
				37A2771D29781BC800AF2CA0 /* MockDiaryRepository.swift */,
				37A2771F29781BFA00AF2CA0 /* MockCommentRepository.swift */,
			);
			path = TestDouble;
			sourceTree = "<group>";
		};
		37B67C4C296567FB00F81118 /* CoreData */ = {
			isa = PBXGroup;
			children = (
				4D3033AE29655D4C00234166 /* DiaryEntity+CoreDataClass.swift */,
				4D3033AF29655D4C00234166 /* DiaryEntity+CoreDataProperties.swift */,
				4D3033B029655D4C00234166 /* CommentEntity+CoreDataClass.swift */,
				4D3033B129655D4C00234166 /* CommentEntity+CoreDataProperties.swift */,
				37B67C4D2965680A00F81118 /* CoreDataRepsotories */,
				4D3033B629655EA500234166 /* CoreDataManager */,
				4DF883AA295D603400B507E2 /* CoreDataStorage */,
				37B67C5A296591DD00F81118 /* Error */,
			);
			path = CoreData;
			sourceTree = "<group>";
		};
		37B67C4D2965680A00F81118 /* CoreDataRepsotories */ = {
			isa = PBXGroup;
			children = (
				37B67C4E2965682F00F81118 /* CoreDataCommentRepository.swift */,
				37B67C502965685100F81118 /* CoreDataDiaryRepository.swift */,
			);
			path = CoreDataRepsotories;
			sourceTree = "<group>";
		};
		37B67C552965908B00F81118 /* DefaultRepositoryManager */ = {
			isa = PBXGroup;
			children = (
				37B67C532965906100F81118 /* DefaultDiaryRepositoryManager.swift */,
				37B67C56296590AC00F81118 /* DefaultCommentRepositoryManager.swift */,
			);
			path = DefaultRepositoryManager;
			sourceTree = "<group>";
		};
		37B67C5A296591DD00F81118 /* Error */ = {
			isa = PBXGroup;
			children = (
				37B67C58296591D000F81118 /* RepositoryError.swift */,
			);
			path = Error;
			sourceTree = "<group>";
		};
		4D3033B629655EA500234166 /* CoreDataManager */ = {
			isa = PBXGroup;
			children = (
				4D3033B729655EBE00234166 /* CoreDataManager.swift */,
			);
			path = CoreDataManager;
			sourceTree = "<group>";
		};
		4D3033B9296594F500234166 /* Infrastructure */ = {
			isa = PBXGroup;
			children = (
				4D9B032F2978CB8E001E6191 /* KeychainManager */,
				373D1C9F2966E841002A3B3D /* ImageCacheManager */,
				4D3033BA2965951400234166 /* Network */,
			);
			path = Infrastructure;
			sourceTree = "<group>";
		};
		4D3033BA2965951400234166 /* Network */ = {
			isa = PBXGroup;
			children = (
				4D3033C829668E2100234166 /* DTO */,
				4D3033C729659AEB00234166 /* Protocol */,
				4D3033BE296596A000234166 /* APIConfiguration.swift */,
				4D3033C329659AB800234166 /* NetworkManager.swift */,
				4D3033CB29668E8600234166 /* BackgroundImageRequest.swift */,
				4D3033C029659A0300234166 /* Error */,
			);
			path = Network;
			sourceTree = "<group>";
		};
		4D3033C029659A0300234166 /* Error */ = {
			isa = PBXGroup;
			children = (
				4D3033C129659A1000234166 /* APIError.swift */,
			);
			path = Error;
			sourceTree = "<group>";
		};
		4D3033C729659AEB00234166 /* Protocol */ = {
			isa = PBXGroup;
			children = (
				4D3033C529659ADB00234166 /* NetworkManagerProtocol.swift */,
				4D3033BC2965957700234166 /* APIRequestProtocol.swift */,
			);
			path = Protocol;
			sourceTree = "<group>";
		};
		4D3033C829668E2100234166 /* DTO */ = {
			isa = PBXGroup;
			children = (
				4D3033C929668E3300234166 /* BackgroundImageDTO.swift */,
			);
			path = DTO;
			sourceTree = "<group>";
		};
		4D9B032F2978CB8E001E6191 /* KeychainManager */ = {
			isa = PBXGroup;
			children = (
				4D9B03302978CBA3001E6191 /* KeychainManager.swift */,
			);
			path = KeychainManager;
			sourceTree = "<group>";
		};
		4D9B03322979196B001E6191 /* Font */ = {
			isa = PBXGroup;
			children = (
				37A2770B29757CDF00AF2CA0 /* NanumSeHwaCe.ttf */,
				4D4500D5297566B4005A11B0 /* GamjaFlower-Regular.ttf */,
				4D4500D7297566DA005A11B0 /* Lato-Bold.ttf */,
				4D4500D8297566DA005A11B0 /* Lato-Regular.ttf */,
			);
			path = Font;
			sourceTree = "<group>";
		};
		4D9B033329794DAF001E6191 /* FavoriteViewModel */ = {
			isa = PBXGroup;
			children = (
				4DF29C9F297FA4F000E08BC3 /* FavoriteViewModelTests.swift */,
			);
			path = FavoriteViewModel;
			sourceTree = "<group>";
		};
		4DCAD91B29702BDB00B35717 /* Network */ = {
			isa = PBXGroup;
			children = (
				4DCAD91C29702BE600B35717 /* NetworkRepository */,
			);
			path = Network;
			sourceTree = "<group>";
		};
		4DCAD91C29702BE600B35717 /* NetworkRepository */ = {
			isa = PBXGroup;
			children = (
				4DCAD91D29702C0F00B35717 /* NetworkRepository.swift */,
			);
			path = NetworkRepository;
			sourceTree = "<group>";
		};
		4DD8BD84297681C900D89546 /* Common */ = {
			isa = PBXGroup;
			children = (
				4DD8BD85297681D100D89546 /* Extension */,
			);
			path = Common;
			sourceTree = "<group>";
		};
		4DD8BD85297681D100D89546 /* Extension */ = {
			isa = PBXGroup;
			children = (
				4DD8BD86297681DE00D89546 /* String + Extension.swift */,
				4DD8BD88297681EB00D89546 /* Date + Extension.swift */,
			);
			path = Extension;
			sourceTree = "<group>";
		};
		4DD8BD8A2976834900D89546 /* SettingScene */ = {
			isa = PBXGroup;
			children = (
				4DD8BD8F297688ED00D89546 /* SettingViewController.swift */,
				4DD8BD8B2976837300D89546 /* View */,
			);
			path = SettingScene;
			sourceTree = "<group>";
		};
		4DD8BD8B2976837300D89546 /* View */ = {
			isa = PBXGroup;
			children = (
				4DD8BD9129768AEC00D89546 /* SettingView.swift */,
				4DD8BD8D2976844700D89546 /* SettingViewCell.swift */,
			);
			path = View;
			sourceTree = "<group>";
		};
		4DD8BD942976AED600D89546 /* PasswordSettingScene */ = {
			isa = PBXGroup;
			children = (
				4DE8B43E297842E200870790 /* PasswordViewController.swift */,
				4DD8BD962976AF0700D89546 /* PasswordSettingViewController.swift */,
				4DD8BD9C2976C43A00D89546 /* CreatePasswordViewController.swift */,
				4DE8B43C29783D5B00870790 /* EditPasswordViewController.swift */,
				4DD8BD952976AEEA00D89546 /* View */,
			);
			path = PasswordSettingScene;
			sourceTree = "<group>";
		};
		4DD8BD952976AEEA00D89546 /* View */ = {
			isa = PBXGroup;
			children = (
				4DD8BD9A2976B28A00D89546 /* PasswordSettingView.swift */,
				4DE8B4382978335E00870790 /* PasswordHeaderView.swift */,
				4DE8B4402978430600870790 /* PasswordView.swift */,
				4DD8BD9E29777E5500D89546 /* CreatePasswordView.swift */,
				4DE8B43A297833EF00870790 /* PasswordViewCell.swift */,
			);
			path = View;
			sourceTree = "<group>";
		};
		4DF88384295D59A400B507E2 = {
			isa = PBXGroup;
			children = (
				4DF8838F295D59A400B507E2 /* iOS-Mongsil */,
				4DF883B5295D9EBB00B507E2 /* iOS-MongsilTests */,
				4DF8838E295D59A400B507E2 /* Products */,
			);
			sourceTree = "<group>";
		};
		4DF8838E295D59A400B507E2 /* Products */ = {
			isa = PBXGroup;
			children = (
				4DF8838D295D59A400B507E2 /* iOS-Mongsil.app */,
				4DF883B4295D9EBB00B507E2 /* iOS-MongsilTests.xctest */,
			);
			name = Products;
			sourceTree = "<group>";
		};
		4DF8838F295D59A400B507E2 /* iOS-Mongsil */ = {
			isa = PBXGroup;
			children = (
				4DF883A7295D5FC900B507E2 /* Application */,
				4DF883AC295D6A5F00B507E2 /* Domain */,
				4DF883AB295D605800B507E2 /* Presentation */,
				4DF883A9295D602C00B507E2 /* Data */,
				4D3033B9296594F500234166 /* Infrastructure */,
				4DF883A8295D5FE100B507E2 /* Resources */,
			);
			path = "iOS-Mongsil";
			sourceTree = "<group>";
		};
		4DF883A7295D5FC900B507E2 /* Application */ = {
			isa = PBXGroup;
			children = (
				4DF88390295D59A400B507E2 /* AppDelegate.swift */,
				4DF88392295D59A400B507E2 /* SceneDelegate.swift */,
			);
			path = Application;
			sourceTree = "<group>";
		};
		4DF883A8295D5FE100B507E2 /* Resources */ = {
			isa = PBXGroup;
			children = (
				4D9B03322979196B001E6191 /* Font */,
				4DF8839C295D59A500B507E2 /* Assets.xcassets */,
				4DF8839E295D59A500B507E2 /* LaunchScreen.storyboard */,
				4DF883A1295D59A500B507E2 /* Info.plist */,
			);
			path = Resources;
			sourceTree = "<group>";
		};
		4DF883A9295D602C00B507E2 /* Data */ = {
			isa = PBXGroup;
			children = (
				37B67C552965908B00F81118 /* DefaultRepositoryManager */,
				37B67C4C296567FB00F81118 /* CoreData */,
				4DCAD91B29702BDB00B35717 /* Network */,
			);
			path = Data;
			sourceTree = "<group>";
		};
		4DF883AA295D603400B507E2 /* CoreDataStorage */ = {
			isa = PBXGroup;
			children = (
				4DF88399295D59A400B507E2 /* iOS_Mongsil.xcdatamodeld */,
			);
			path = CoreDataStorage;
			sourceTree = "<group>";
		};
		4DF883AB295D605800B507E2 /* Presentation */ = {
			isa = PBXGroup;
			children = (
				370EF78129703D1A000DDAF5 /* BaseProtocol */,
				37A277192976DE3B00AF2CA0 /* DatePickerScene */,
				37A2770F2976ADD800AF2CA0 /* NotificationScene */,
				37A276E129756EAE00AF2CA0 /* CalendarScene */,
				37A276F429756EB700AF2CA0 /* FavoriteScene */,
				370EF822297121DF000DDAF5 /* MenuScene */,
				370EF81029703F88000DDAF5 /* EmoticonsScene */,
				370EF81529703F88000DDAF5 /* RegisterScene */,
				4DD8BD8A2976834900D89546 /* SettingScene */,
				4DD8BD942976AED600D89546 /* PasswordSettingScene */,
				4DD8BD84297681C900D89546 /* Common */,
			);
			path = Presentation;
			sourceTree = "<group>";
		};
		4DF883AC295D6A5F00B507E2 /* Domain */ = {
			isa = PBXGroup;
			children = (
				374670C4295D6D6F004AC4B0 /* Interfaces */,
				374670C1295D6B22004AC4B0 /* UseCases */,
				4DF883AD295D6A7600B507E2 /* Entities */,
			);
			path = Domain;
			sourceTree = "<group>";
		};
		4DF883AD295D6A7600B507E2 /* Entities */ = {
			isa = PBXGroup;
			children = (
				4DF883AE295D6A7F00B507E2 /* Diary.swift */,
				37B67C472965541700F81118 /* Comment.swift */,
				4DCAD91F29702F1F00B35717 /* BackgroundImage.swift */,
			);
			path = Entities;
			sourceTree = "<group>";
		};
		4DF883B5295D9EBB00B507E2 /* iOS-MongsilTests */ = {
			isa = PBXGroup;
			children = (
				37A2772329782D3300AF2CA0 /* TestDouble */,
				37A276FF29756ECF00AF2CA0 /* Presentation */,
				373D1C8D29669165002A3B3D /* Infrastructure */,
				4DF883BD295D9EC300B507E2 /* Domain */,
			);
			path = "iOS-MongsilTests";
			sourceTree = "<group>";
		};
		4DF883BD295D9EC300B507E2 /* Domain */ = {
			isa = PBXGroup;
			children = (
				4DF883BE295D9ECA00B507E2 /* UseCases */,
			);
			path = Domain;
			sourceTree = "<group>";
		};
		4DF883BE295D9ECA00B507E2 /* UseCases */ = {
			isa = PBXGroup;
			children = (
				37A277212978205300AF2CA0 /* DefaultCommentUseCaseTests.swift */,
				4DF883B6295D9EBB00B507E2 /* DefaultDiaryUseCaseTests.swift */,
				4DD214C92970340A00C91CFB /* DefaultNetworkUseCaseTests.swift */,
			);
			path = UseCases;
			sourceTree = "<group>";
		};
/* End PBXGroup section */

/* Begin PBXNativeTarget section */
		4DF8838C295D59A400B507E2 /* iOS-Mongsil */ = {
			isa = PBXNativeTarget;
			buildConfigurationList = 4DF883A4295D59A500B507E2 /* Build configuration list for PBXNativeTarget "iOS-Mongsil" */;
			buildPhases = (
				4DF88389295D59A400B507E2 /* Sources */,
				4DF8838A295D59A400B507E2 /* Frameworks */,
				4DF8838B295D59A400B507E2 /* Resources */,
			);
			buildRules = (
			);
			dependencies = (
			);
			name = "iOS-Mongsil";
			productName = "iOS-Mongsil";
			productReference = 4DF8838D295D59A400B507E2 /* iOS-Mongsil.app */;
			productType = "com.apple.product-type.application";
		};
		4DF883B3295D9EBB00B507E2 /* iOS-MongsilTests */ = {
			isa = PBXNativeTarget;
			buildConfigurationList = 4DF883BC295D9EBB00B507E2 /* Build configuration list for PBXNativeTarget "iOS-MongsilTests" */;
			buildPhases = (
				4DF883B0295D9EBB00B507E2 /* Sources */,
				4DF883B1295D9EBB00B507E2 /* Frameworks */,
				4DF883B2295D9EBB00B507E2 /* Resources */,
			);
			buildRules = (
			);
			dependencies = (
				4DF883B9295D9EBB00B507E2 /* PBXTargetDependency */,
			);
			name = "iOS-MongsilTests";
			productName = "iOS-MongsilTests";
			productReference = 4DF883B4295D9EBB00B507E2 /* iOS-MongsilTests.xctest */;
			productType = "com.apple.product-type.bundle.unit-test";
		};
/* End PBXNativeTarget section */

/* Begin PBXProject section */
		4DF88385295D59A400B507E2 /* Project object */ = {
			isa = PBXProject;
			attributes = {
				BuildIndependentTargetsInParallel = 1;
				LastSwiftUpdateCheck = 1420;
				LastUpgradeCheck = 1420;
				TargetAttributes = {
					4DF8838C295D59A400B507E2 = {
						CreatedOnToolsVersion = 14.2;
					};
					4DF883B3295D9EBB00B507E2 = {
						CreatedOnToolsVersion = 14.2;
						TestTargetID = 4DF8838C295D59A400B507E2;
					};
				};
			};
			buildConfigurationList = 4DF88388295D59A400B507E2 /* Build configuration list for PBXProject "iOS-Mongsil" */;
			compatibilityVersion = "Xcode 14.0";
			developmentRegion = en;
			hasScannedForEncodings = 0;
			knownRegions = (
				en,
				Base,
			);
			mainGroup = 4DF88384295D59A400B507E2;
			productRefGroup = 4DF8838E295D59A400B507E2 /* Products */;
			projectDirPath = "";
			projectRoot = "";
			targets = (
				4DF8838C295D59A400B507E2 /* iOS-Mongsil */,
				4DF883B3295D9EBB00B507E2 /* iOS-MongsilTests */,
			);
		};
/* End PBXProject section */

/* Begin PBXResourcesBuildPhase section */
		4DF8838B295D59A400B507E2 /* Resources */ = {
			isa = PBXResourcesBuildPhase;
			buildActionMask = 2147483647;
			files = (
				4DF883A0295D59A500B507E2 /* LaunchScreen.storyboard in Resources */,
				4D4500DA297566DA005A11B0 /* Lato-Regular.ttf in Resources */,
				4D4500D9297566DA005A11B0 /* Lato-Bold.ttf in Resources */,
				37A2770C29757F2D00AF2CA0 /* NanumSeHwaCe.ttf in Resources */,
				4D4500D6297566B4005A11B0 /* GamjaFlower-Regular.ttf in Resources */,
				4DF8839D295D59A500B507E2 /* Assets.xcassets in Resources */,
				373D1C9E2966B963002A3B3D /* BackGroundImage.json in Resources */,
			);
			runOnlyForDeploymentPostprocessing = 0;
		};
		4DF883B2295D9EBB00B507E2 /* Resources */ = {
			isa = PBXResourcesBuildPhase;
			buildActionMask = 2147483647;
			files = (
				373D1C9D2966B8ED002A3B3D /* BackGroundImage.json in Resources */,
			);
			runOnlyForDeploymentPostprocessing = 0;
		};
/* End PBXResourcesBuildPhase section */

/* Begin PBXSourcesBuildPhase section */
		4DF88389295D59A400B507E2 /* Sources */ = {
			isa = PBXSourcesBuildPhase;
			buildActionMask = 2147483647;
			files = (
				4DD8BD9B2976B28A00D89546 /* PasswordSettingView.swift in Sources */,
				37A276EE29756EAE00AF2CA0 /* CalendarViewController.swift in Sources */,
				370EF81D29703F88000DDAF5 /* EmoticonsViewController.swift in Sources */,
				37B67C4F2965682F00F81118 /* CoreDataCommentRepository.swift in Sources */,
				37A276F029756EAE00AF2CA0 /* CalendarHeaderView.swift in Sources */,
				4D3033CC29668E8600234166 /* BackgroundImageRequest.swift in Sources */,
				4DD8BD8E2976844700D89546 /* SettingViewCell.swift in Sources */,
				4D3033BD2965957700234166 /* APIRequestProtocol.swift in Sources */,
				4DF883AF295D6A7F00B507E2 /* Diary.swift in Sources */,
				4DCAD92029702F1F00B35717 /* BackgroundImage.swift in Sources */,
				4DF88391295D59A400B507E2 /* AppDelegate.swift in Sources */,
				4D3033B829655EBE00234166 /* CoreDataManager.swift in Sources */,
				37A276F329756EAE00AF2CA0 /* CalendarListViewCell.swift in Sources */,
				37B67C542965906100F81118 /* DefaultDiaryRepositoryManager.swift in Sources */,
				373D1CA12966E860002A3B3D /* ImageCacheManager.swift in Sources */,
				4DE8B4412978430600870790 /* PasswordView.swift in Sources */,
				4D3033BF296596A000234166 /* APIConfiguration.swift in Sources */,
				37A276EF29756EAE00AF2CA0 /* CalendarViewCell.swift in Sources */,
				37A277112976ADF300AF2CA0 /* NotificationViewController.swift in Sources */,
				4D1B808D2961A94B00A64940 /* Repository.swift in Sources */,
				379B0A4A2967EE5E009863F6 /* ImageCache.swift in Sources */,
				370EF81C29703F88000DDAF5 /* EmoticonsView.swift in Sources */,
				4D3033B329655D4C00234166 /* DiaryEntity+CoreDataProperties.swift in Sources */,
				4DD214C82970328600C91CFB /* DefualtNetworkUseCase.swift in Sources */,
				374670C7295D6DA5004AC4B0 /* RepositoryManager.swift in Sources */,
				4D3033C229659A1000234166 /* APIError.swift in Sources */,
				370EF82A297140F4000DDAF5 /* CommentInputView.swift in Sources */,
				4D3033C429659AB800234166 /* NetworkManager.swift in Sources */,
				4DE8B43D29783D5B00870790 /* EditPasswordViewController.swift in Sources */,
				4D9B03312978CBA3001E6191 /* KeychainManager.swift in Sources */,
				370EF82129703F88000DDAF5 /* CommentsView.swift in Sources */,
				370EF81A29703F88000DDAF5 /* EmoticonCollectionViewCell.swift in Sources */,
				374670C3295D6BB0004AC4B0 /* DefaultDiaryUseCase.swift in Sources */,
				4DD8BD89297681EB00D89546 /* Date + Extension.swift in Sources */,
				4DD8BD9F29777E5500D89546 /* CreatePasswordView.swift in Sources */,
				370EF81B29703F88000DDAF5 /* EmoticonsViewModel.swift in Sources */,
				4DD8BD90297688ED00D89546 /* SettingViewController.swift in Sources */,
				370EF78529703D1A000DDAF5 /* ViewSettingProtocol.swift in Sources */,
				4DD8BD87297681DE00D89546 /* String + Extension.swift in Sources */,
				4DF88393295D59A400B507E2 /* SceneDelegate.swift in Sources */,
				37A276F229756EAE00AF2CA0 /* CalenderView.swift in Sources */,
				37A276F129756EAE00AF2CA0 /* CalendarListView.swift in Sources */,
				370EF82029703F88000DDAF5 /* CommentTableViewCell.swift in Sources */,
				37A277182976D0DA00AF2CA0 /* DatePickerViewContoller.swift in Sources */,
				370EF82629712248000DDAF5 /* MenuViewModel.swift in Sources */,
				4DE8B43F297842E200870790 /* PasswordViewController.swift in Sources */,
				4DD8BD972976AF0700D89546 /* PasswordSettingViewController.swift in Sources */,
				4DCAD91E29702C0F00B35717 /* NetworkRepository.swift in Sources */,
				4D3033CA29668E3300234166 /* BackgroundImageDTO.swift in Sources */,
				370EF82429712235000DDAF5 /* MenuViewController.swift in Sources */,
				37B67C57296590AC00F81118 /* DefaultCommentRepositoryManager.swift in Sources */,
				373A84A8297909BF0050A03D /* DatePickerView.swift in Sources */,
				4DD8BD9229768AEC00D89546 /* SettingView.swift in Sources */,
				37A277142976B11000AF2CA0 /* NotificationView.swift in Sources */,
				37A276FC29756EB800AF2CA0 /* FavoriteViewController.swift in Sources */,
				4DD8BD9D2976C43A00D89546 /* CreatePasswordViewController.swift in Sources */,
				370EF81F29703F88000DDAF5 /* CommentsViewController.swift in Sources */,
				4D3033B529655D4C00234166 /* CommentEntity+CoreDataProperties.swift in Sources */,
				37A276FE29756EB800AF2CA0 /* FavoriteViewCell.swift in Sources */,
				4D3033C629659ADB00234166 /* NetworkManagerProtocol.swift in Sources */,
				37A276FD29756EB800AF2CA0 /* FavoriteView.swift in Sources */,
				37B67C4A2965544F00F81118 /* DefaultCommentUseCase.swift in Sources */,
				37B67C59296591D000F81118 /* RepositoryError.swift in Sources */,
				4D3033B229655D4C00234166 /* DiaryEntity+CoreDataClass.swift in Sources */,
				37A276FB29756EB800AF2CA0 /* FavoriteViewModel.swift in Sources */,
				37D919AB297FABF700E9F31A /* AlertProtocol.swift in Sources */,
				4D3033B429655D4C00234166 /* CommentEntity+CoreDataClass.swift in Sources */,
				370EF78429703D1A000DDAF5 /* ViewModelBuilderProtocol.swift in Sources */,
				370EF82829712A81000DDAF5 /* MenuView.swift in Sources */,
				37B67C482965541700F81118 /* Comment.swift in Sources */,
				370EF81E29703F88000DDAF5 /* CommentsViewModel.swift in Sources */,
				4DE8B4392978335E00870790 /* PasswordHeaderView.swift in Sources */,
				4DF8839B295D59A400B507E2 /* iOS_Mongsil.xcdatamodeld in Sources */,
				37B67C512965685100F81118 /* CoreDataDiaryRepository.swift in Sources */,
				37A276EC29756EAE00AF2CA0 /* CalendarViewModel.swift in Sources */,
				4DE8B43B297833EF00870790 /* PasswordViewCell.swift in Sources */,
			);
			runOnlyForDeploymentPostprocessing = 0;
		};
		4DF883B0295D9EBB00B507E2 /* Sources */ = {
			isa = PBXSourcesBuildPhase;
			buildActionMask = 2147483647;
			files = (
				373D1C9529669277002A3B3D /* MockNetworkData.swift in Sources */,
				374E9C59297527DF007AC2DD /* MenuViewModelTests.swift in Sources */,
				373D1C9329669228002A3B3D /* MockNetworkManager.swift in Sources */,
				374E9C572975171C007AC2DD /* CommentsViewModelTests.swift in Sources */,
				37A2771E29781BC800AF2CA0 /* MockDiaryRepository.swift in Sources */,
				37A277222978205300AF2CA0 /* DefaultCommentUseCaseTests.swift in Sources */,
				37A2772029781BFA00AF2CA0 /* MockCommentRepository.swift in Sources */,
				37A2770229756ECF00AF2CA0 /* CalendarViewModelTests.swift in Sources */,
				373D1C9029669165002A3B3D /* NetworkServiceTests.swift in Sources */,
				4DF883B7295D9EBB00B507E2 /* DefaultDiaryUseCaseTests.swift in Sources */,
				4DD214CA2970340A00C91CFB /* DefaultNetworkUseCaseTests.swift in Sources */,
				4DF29CA0297FA4F000E08BC3 /* FavoriteViewModelTests.swift in Sources */,
			);
			runOnlyForDeploymentPostprocessing = 0;
		};
/* End PBXSourcesBuildPhase section */

/* Begin PBXTargetDependency section */
		4DF883B9295D9EBB00B507E2 /* PBXTargetDependency */ = {
			isa = PBXTargetDependency;
			target = 4DF8838C295D59A400B507E2 /* iOS-Mongsil */;
			targetProxy = 4DF883B8295D9EBB00B507E2 /* PBXContainerItemProxy */;
		};
/* End PBXTargetDependency section */

/* Begin PBXVariantGroup section */
		4DF8839E295D59A500B507E2 /* LaunchScreen.storyboard */ = {
			isa = PBXVariantGroup;
			children = (
				4DF8839F295D59A500B507E2 /* Base */,
			);
			name = LaunchScreen.storyboard;
			sourceTree = "<group>";
		};
/* End PBXVariantGroup section */

/* Begin XCBuildConfiguration section */
		4DF883A2295D59A500B507E2 /* Debug */ = {
			isa = XCBuildConfiguration;
			buildSettings = {
				ALWAYS_SEARCH_USER_PATHS = NO;
				CLANG_ANALYZER_NONNULL = YES;
				CLANG_ANALYZER_NUMBER_OBJECT_CONVERSION = YES_AGGRESSIVE;
				CLANG_CXX_LANGUAGE_STANDARD = "gnu++20";
				CLANG_ENABLE_MODULES = YES;
				CLANG_ENABLE_OBJC_ARC = YES;
				CLANG_ENABLE_OBJC_WEAK = YES;
				CLANG_WARN_BLOCK_CAPTURE_AUTORELEASING = YES;
				CLANG_WARN_BOOL_CONVERSION = YES;
				CLANG_WARN_COMMA = YES;
				CLANG_WARN_CONSTANT_CONVERSION = YES;
				CLANG_WARN_DEPRECATED_OBJC_IMPLEMENTATIONS = YES;
				CLANG_WARN_DIRECT_OBJC_ISA_USAGE = YES_ERROR;
				CLANG_WARN_DOCUMENTATION_COMMENTS = YES;
				CLANG_WARN_EMPTY_BODY = YES;
				CLANG_WARN_ENUM_CONVERSION = YES;
				CLANG_WARN_INFINITE_RECURSION = YES;
				CLANG_WARN_INT_CONVERSION = YES;
				CLANG_WARN_NON_LITERAL_NULL_CONVERSION = YES;
				CLANG_WARN_OBJC_IMPLICIT_RETAIN_SELF = YES;
				CLANG_WARN_OBJC_LITERAL_CONVERSION = YES;
				CLANG_WARN_OBJC_ROOT_CLASS = YES_ERROR;
				CLANG_WARN_QUOTED_INCLUDE_IN_FRAMEWORK_HEADER = YES;
				CLANG_WARN_RANGE_LOOP_ANALYSIS = YES;
				CLANG_WARN_STRICT_PROTOTYPES = YES;
				CLANG_WARN_SUSPICIOUS_MOVE = YES;
				CLANG_WARN_UNGUARDED_AVAILABILITY = YES_AGGRESSIVE;
				CLANG_WARN_UNREACHABLE_CODE = YES;
				CLANG_WARN__DUPLICATE_METHOD_MATCH = YES;
				COPY_PHASE_STRIP = NO;
				DEBUG_INFORMATION_FORMAT = dwarf;
				ENABLE_STRICT_OBJC_MSGSEND = YES;
				ENABLE_TESTABILITY = YES;
				GCC_C_LANGUAGE_STANDARD = gnu11;
				GCC_DYNAMIC_NO_PIC = NO;
				GCC_NO_COMMON_BLOCKS = YES;
				GCC_OPTIMIZATION_LEVEL = 0;
				GCC_PREPROCESSOR_DEFINITIONS = (
					"DEBUG=1",
					"$(inherited)",
				);
				GCC_WARN_64_TO_32_BIT_CONVERSION = YES;
				GCC_WARN_ABOUT_RETURN_TYPE = YES_ERROR;
				GCC_WARN_UNDECLARED_SELECTOR = YES;
				GCC_WARN_UNINITIALIZED_AUTOS = YES_AGGRESSIVE;
				GCC_WARN_UNUSED_FUNCTION = YES;
				GCC_WARN_UNUSED_VARIABLE = YES;
				IPHONEOS_DEPLOYMENT_TARGET = 13.0;
				MTL_ENABLE_DEBUG_INFO = INCLUDE_SOURCE;
				MTL_FAST_MATH = YES;
				ONLY_ACTIVE_ARCH = YES;
				SDKROOT = iphoneos;
				SWIFT_ACTIVE_COMPILATION_CONDITIONS = DEBUG;
				SWIFT_OPTIMIZATION_LEVEL = "-Onone";
			};
			name = Debug;
		};
		4DF883A3295D59A500B507E2 /* Release */ = {
			isa = XCBuildConfiguration;
			buildSettings = {
				ALWAYS_SEARCH_USER_PATHS = NO;
				CLANG_ANALYZER_NONNULL = YES;
				CLANG_ANALYZER_NUMBER_OBJECT_CONVERSION = YES_AGGRESSIVE;
				CLANG_CXX_LANGUAGE_STANDARD = "gnu++20";
				CLANG_ENABLE_MODULES = YES;
				CLANG_ENABLE_OBJC_ARC = YES;
				CLANG_ENABLE_OBJC_WEAK = YES;
				CLANG_WARN_BLOCK_CAPTURE_AUTORELEASING = YES;
				CLANG_WARN_BOOL_CONVERSION = YES;
				CLANG_WARN_COMMA = YES;
				CLANG_WARN_CONSTANT_CONVERSION = YES;
				CLANG_WARN_DEPRECATED_OBJC_IMPLEMENTATIONS = YES;
				CLANG_WARN_DIRECT_OBJC_ISA_USAGE = YES_ERROR;
				CLANG_WARN_DOCUMENTATION_COMMENTS = YES;
				CLANG_WARN_EMPTY_BODY = YES;
				CLANG_WARN_ENUM_CONVERSION = YES;
				CLANG_WARN_INFINITE_RECURSION = YES;
				CLANG_WARN_INT_CONVERSION = YES;
				CLANG_WARN_NON_LITERAL_NULL_CONVERSION = YES;
				CLANG_WARN_OBJC_IMPLICIT_RETAIN_SELF = YES;
				CLANG_WARN_OBJC_LITERAL_CONVERSION = YES;
				CLANG_WARN_OBJC_ROOT_CLASS = YES_ERROR;
				CLANG_WARN_QUOTED_INCLUDE_IN_FRAMEWORK_HEADER = YES;
				CLANG_WARN_RANGE_LOOP_ANALYSIS = YES;
				CLANG_WARN_STRICT_PROTOTYPES = YES;
				CLANG_WARN_SUSPICIOUS_MOVE = YES;
				CLANG_WARN_UNGUARDED_AVAILABILITY = YES_AGGRESSIVE;
				CLANG_WARN_UNREACHABLE_CODE = YES;
				CLANG_WARN__DUPLICATE_METHOD_MATCH = YES;
				COPY_PHASE_STRIP = NO;
				DEBUG_INFORMATION_FORMAT = "dwarf-with-dsym";
				ENABLE_NS_ASSERTIONS = NO;
				ENABLE_STRICT_OBJC_MSGSEND = YES;
				GCC_C_LANGUAGE_STANDARD = gnu11;
				GCC_NO_COMMON_BLOCKS = YES;
				GCC_WARN_64_TO_32_BIT_CONVERSION = YES;
				GCC_WARN_ABOUT_RETURN_TYPE = YES_ERROR;
				GCC_WARN_UNDECLARED_SELECTOR = YES;
				GCC_WARN_UNINITIALIZED_AUTOS = YES_AGGRESSIVE;
				GCC_WARN_UNUSED_FUNCTION = YES;
				GCC_WARN_UNUSED_VARIABLE = YES;
				IPHONEOS_DEPLOYMENT_TARGET = 13.0;
				MTL_ENABLE_DEBUG_INFO = NO;
				MTL_FAST_MATH = YES;
				SDKROOT = iphoneos;
				SWIFT_COMPILATION_MODE = wholemodule;
				SWIFT_OPTIMIZATION_LEVEL = "-O";
				VALIDATE_PRODUCT = YES;
			};
			name = Release;
		};
		4DF883A5295D59A500B507E2 /* Debug */ = {
			isa = XCBuildConfiguration;
			buildSettings = {
				ASSETCATALOG_COMPILER_APPICON_NAME = AppIcon;
				ASSETCATALOG_COMPILER_GLOBAL_ACCENT_COLOR_NAME = AccentColor;
				CODE_SIGN_STYLE = Automatic;
				CURRENT_PROJECT_VERSION = 1;
				DEVELOPMENT_TEAM = 9RL4DMCL32;
				GENERATE_INFOPLIST_FILE = YES;
				INFOPLIST_FILE = "iOS-Mongsil/Resources/Info.plist";
				INFOPLIST_KEY_CFBundleDisplayName = "몽실";
				INFOPLIST_KEY_NSPhotoLibraryAddUsageDescription = "";
				INFOPLIST_KEY_NSPhotoLibraryUsageDescription = "";
				INFOPLIST_KEY_UIApplicationSupportsIndirectInputEvents = YES;
				INFOPLIST_KEY_UILaunchStoryboardName = LaunchScreen;
				INFOPLIST_KEY_UISupportedInterfaceOrientations_iPad = "UIInterfaceOrientationPortrait UIInterfaceOrientationPortraitUpsideDown UIInterfaceOrientationLandscapeLeft UIInterfaceOrientationLandscapeRight";
				INFOPLIST_KEY_UISupportedInterfaceOrientations_iPhone = "UIInterfaceOrientationPortrait UIInterfaceOrientationLandscapeLeft UIInterfaceOrientationLandscapeRight";
				INFOPLIST_KEY_UIUserInterfaceStyle = Light;
				IPHONEOS_DEPLOYMENT_TARGET = 13.4;
				LD_RUNPATH_SEARCH_PATHS = (
					"$(inherited)",
					"@executable_path/Frameworks",
				);
				MARKETING_VERSION = 1.0;
				PRODUCT_BUNDLE_IDENTIFIER = "com.KiwonSong.iOS-Mongsil";
				PRODUCT_NAME = "$(TARGET_NAME)";
				SUPPORTED_PLATFORMS = "iphoneos iphonesimulator";
				SUPPORTS_MACCATALYST = NO;
				SUPPORTS_MAC_DESIGNED_FOR_IPHONE_IPAD = NO;
				SWIFT_EMIT_LOC_STRINGS = YES;
				SWIFT_VERSION = 5.0;
				TARGETED_DEVICE_FAMILY = 1;
			};
			name = Debug;
		};
		4DF883A6295D59A500B507E2 /* Release */ = {
			isa = XCBuildConfiguration;
			buildSettings = {
				ASSETCATALOG_COMPILER_APPICON_NAME = AppIcon;
				ASSETCATALOG_COMPILER_GLOBAL_ACCENT_COLOR_NAME = AccentColor;
				CODE_SIGN_STYLE = Automatic;
				CURRENT_PROJECT_VERSION = 1;
				DEVELOPMENT_TEAM = 9RL4DMCL32;
				GENERATE_INFOPLIST_FILE = YES;
				INFOPLIST_FILE = "iOS-Mongsil/Resources/Info.plist";
				INFOPLIST_KEY_CFBundleDisplayName = "몽실";
				INFOPLIST_KEY_NSPhotoLibraryAddUsageDescription = "";
				INFOPLIST_KEY_NSPhotoLibraryUsageDescription = "";
				INFOPLIST_KEY_UIApplicationSupportsIndirectInputEvents = YES;
				INFOPLIST_KEY_UILaunchStoryboardName = LaunchScreen;
				INFOPLIST_KEY_UISupportedInterfaceOrientations_iPad = "UIInterfaceOrientationPortrait UIInterfaceOrientationPortraitUpsideDown UIInterfaceOrientationLandscapeLeft UIInterfaceOrientationLandscapeRight";
				INFOPLIST_KEY_UISupportedInterfaceOrientations_iPhone = "UIInterfaceOrientationPortrait UIInterfaceOrientationLandscapeLeft UIInterfaceOrientationLandscapeRight";
				INFOPLIST_KEY_UIUserInterfaceStyle = Light;
				IPHONEOS_DEPLOYMENT_TARGET = 13.4;
				LD_RUNPATH_SEARCH_PATHS = (
					"$(inherited)",
					"@executable_path/Frameworks",
				);
				MARKETING_VERSION = 1.0;
				PRODUCT_BUNDLE_IDENTIFIER = "com.KiwonSong.iOS-Mongsil";
				PRODUCT_NAME = "$(TARGET_NAME)";
				SUPPORTED_PLATFORMS = "iphoneos iphonesimulator";
				SUPPORTS_MACCATALYST = NO;
				SUPPORTS_MAC_DESIGNED_FOR_IPHONE_IPAD = NO;
				SWIFT_EMIT_LOC_STRINGS = YES;
				SWIFT_VERSION = 5.0;
				TARGETED_DEVICE_FAMILY = 1;
			};
			name = Release;
		};
		4DF883BA295D9EBB00B507E2 /* Debug */ = {
			isa = XCBuildConfiguration;
			buildSettings = {
				BUNDLE_LOADER = "$(TEST_HOST)";
				CODE_SIGN_STYLE = Automatic;
				CURRENT_PROJECT_VERSION = 1;
				GENERATE_INFOPLIST_FILE = YES;
				IPHONEOS_DEPLOYMENT_TARGET = 16.2;
				MACOSX_DEPLOYMENT_TARGET = 13.1;
				MARKETING_VERSION = 1.0;
				PRODUCT_BUNDLE_IDENTIFIER = "com.Kiwi.iOS-MongsilTests";
				PRODUCT_NAME = "$(TARGET_NAME)";
				SDKROOT = auto;
				SUPPORTED_PLATFORMS = "iphoneos iphonesimulator macosx";
				SWIFT_EMIT_LOC_STRINGS = NO;
				SWIFT_VERSION = 5.0;
				TARGETED_DEVICE_FAMILY = "1,2";
				TEST_HOST = "$(BUILT_PRODUCTS_DIR)/iOS-Mongsil.app/$(BUNDLE_EXECUTABLE_FOLDER_PATH)/iOS-Mongsil";
			};
			name = Debug;
		};
		4DF883BB295D9EBB00B507E2 /* Release */ = {
			isa = XCBuildConfiguration;
			buildSettings = {
				BUNDLE_LOADER = "$(TEST_HOST)";
				CODE_SIGN_STYLE = Automatic;
				CURRENT_PROJECT_VERSION = 1;
				GENERATE_INFOPLIST_FILE = YES;
				IPHONEOS_DEPLOYMENT_TARGET = 16.2;
				MACOSX_DEPLOYMENT_TARGET = 13.1;
				MARKETING_VERSION = 1.0;
				PRODUCT_BUNDLE_IDENTIFIER = "com.Kiwi.iOS-MongsilTests";
				PRODUCT_NAME = "$(TARGET_NAME)";
				SDKROOT = auto;
				SUPPORTED_PLATFORMS = "iphoneos iphonesimulator macosx";
				SWIFT_EMIT_LOC_STRINGS = NO;
				SWIFT_VERSION = 5.0;
				TARGETED_DEVICE_FAMILY = "1,2";
				TEST_HOST = "$(BUILT_PRODUCTS_DIR)/iOS-Mongsil.app/$(BUNDLE_EXECUTABLE_FOLDER_PATH)/iOS-Mongsil";
			};
			name = Release;
		};
/* End XCBuildConfiguration section */

/* Begin XCConfigurationList section */
		4DF88388295D59A400B507E2 /* Build configuration list for PBXProject "iOS-Mongsil" */ = {
			isa = XCConfigurationList;
			buildConfigurations = (
				4DF883A2295D59A500B507E2 /* Debug */,
				4DF883A3295D59A500B507E2 /* Release */,
			);
			defaultConfigurationIsVisible = 0;
			defaultConfigurationName = Release;
		};
		4DF883A4295D59A500B507E2 /* Build configuration list for PBXNativeTarget "iOS-Mongsil" */ = {
			isa = XCConfigurationList;
			buildConfigurations = (
				4DF883A5295D59A500B507E2 /* Debug */,
				4DF883A6295D59A500B507E2 /* Release */,
			);
			defaultConfigurationIsVisible = 0;
			defaultConfigurationName = Release;
		};
		4DF883BC295D9EBB00B507E2 /* Build configuration list for PBXNativeTarget "iOS-MongsilTests" */ = {
			isa = XCConfigurationList;
			buildConfigurations = (
				4DF883BA295D9EBB00B507E2 /* Debug */,
				4DF883BB295D9EBB00B507E2 /* Release */,
			);
			defaultConfigurationIsVisible = 0;
			defaultConfigurationName = Release;
		};
/* End XCConfigurationList section */

/* Begin XCVersionGroup section */
		4DF88399295D59A400B507E2 /* iOS_Mongsil.xcdatamodeld */ = {
			isa = XCVersionGroup;
			children = (
				4DF8839A295D59A400B507E2 /* iOS_Mongsil.xcdatamodel */,
			);
			currentVersion = 4DF8839A295D59A400B507E2 /* iOS_Mongsil.xcdatamodel */;
			path = iOS_Mongsil.xcdatamodeld;
			sourceTree = "<group>";
			versionGroupType = wrapper.xcdatamodel;
		};
/* End XCVersionGroup section */
	};
	rootObject = 4DF88385295D59A400B507E2 /* Project object */;
}
